
Microsoft Visual Studio Solution File, Format Version 12.00
# Visual Studio Version 17
VisualStudioVersion = 17.4.33205.214
MinimumVisualStudioVersion = 10.0.40219.1
Project("{9A19103F-16F7-4668-BE54-9A1E7A4F7556}") = "BlazorPokedex", "BlazorPokedex\BlazorPokedex.csproj", "{F56B3D8D-BE71-4FCF-A6BF-D042E6FDA722}"
EndProject
Project("{FAE04EC0-301F-11D3-BF4B-00C04F79EFBC}") = "BlazorPokedex.Common", "BlazorPokedex.Common\BlazorPokedex.Common.csproj", "{DC5A7AD0-34B4-4318-85A1-7A0C06DAD01D}"
EndProject
Project("{FAE04EC0-301F-11D3-BF4B-00C04F79EFBC}") = "BlazorPokedex.DataExtractor", "BlazorPokedex.DataExtractor\BlazorPokedex.DataExtractor.csproj", "{EE8C139C-A7E1-4C48-8A96-DEA9B2CC9DE0}"
EndProject
Global
	GlobalSection(SolutionConfigurationPlatforms) = preSolution
		Debug|Any CPU = Debug|Any CPU
		Release|Any CPU = Release|Any CPU
	EndGlobalSection
	GlobalSection(ProjectConfigurationPlatforms) = postSolution
		{F56B3D8D-BE71-4FCF-A6BF-D042E6FDA722}.Debug|Any CPU.ActiveCfg = Debug|Any CPU
		{F56B3D8D-BE71-4FCF-A6BF-D042E6FDA722}.Debug|Any CPU.Build.0 = Debug|Any CPU
		{F56B3D8D-BE71-4FCF-A6BF-D042E6FDA722}.Release|Any CPU.ActiveCfg = Release|Any CPU
		{F56B3D8D-BE71-4FCF-A6BF-D042E6FDA722}.Release|Any CPU.Build.0 = Release|Any CPU
		{DC5A7AD0-34B4-4318-85A1-7A0C06DAD01D}.Debug|Any CPU.ActiveCfg = Debug|Any CPU
		{DC5A7AD0-34B4-4318-85A1-7A0C06DAD01D}.Debug|Any CPU.Build.0 = Debug|Any CPU
		{DC5A7AD0-34B4-4318-85A1-7A0C06DAD01D}.Release|Any CPU.ActiveCfg = Release|Any CPU
		{DC5A7AD0-34B4-4318-85A1-7A0C06DAD01D}.Release|Any CPU.Build.0 = Release|Any CPU
		{EE8C139C-A7E1-4C48-8A96-DEA9B2CC9DE0}.Debug|Any CPU.ActiveCfg = Debug|Any CPU
		{EE8C139C-A7E1-4C48-8A96-DEA9B2CC9DE0}.Debug|Any CPU.Build.0 = Debug|Any CPU
		{EE8C139C-A7E1-4C48-8A96-DEA9B2CC9DE0}.Release|Any CPU.ActiveCfg = Release|Any CPU
		{EE8C139C-A7E1-4C48-8A96-DEA9B2CC9DE0}.Release|Any CPU.Build.0 = Release|Any CPU
	EndGlobalSection
	GlobalSection(SolutionProperties) = preSolution
		HideSolutionNode = FALSE
	EndGlobalSection
	GlobalSection(ExtensibilityGlobals) = postSolution
		SolutionGuid = {5EEBC191-9499-4727-8041-6902F27C533C}
	EndGlobalSection
EndGlobal
